
Microsoft Visual Studio Solution File, Format Version 12.00
# Visual Studio Version 16
VisualStudioVersion = 16.0.29020.237
MinimumVisualStudioVersion = 10.0.40219.1
Project("{FAE04EC0-301F-11D3-BF4B-00C04F79EFBC}") = "Math_App", "Math_App.csproj", "{DD613401-AFA8-4F7D-BC60-A94FD3C24405}"
EndProject
Global
	GlobalSection(SolutionConfigurationPlatforms) = preSolution
		Debug|Any CPU = Debug|Any CPU
		Release|Any CPU = Release|Any CPU
	EndGlobalSection
	GlobalSection(ProjectConfigurationPlatforms) = postSolution
		{DD613401-AFA8-4F7D-BC60-A94FD3C24405}.Debug|Any CPU.ActiveCfg = Debug|Any CPU
		{DD613401-AFA8-4F7D-BC60-A94FD3C24405}.Debug|Any CPU.Build.0 = Debug|Any CPU
		{DD613401-AFA8-4F7D-BC60-A94FD3C24405}.Release|Any CPU.ActiveCfg = Release|Any CPU
		{DD613401-AFA8-4F7D-BC60-A94FD3C24405}.Release|Any CPU.Build.0 = Release|Any CPU
	EndGlobalSection
	GlobalSection(SolutionProperties) = preSolution
		HideSolutionNode = FALSE
	EndGlobalSection
	GlobalSection(ExtensibilityGlobals) = postSolution
		SolutionGuid = {3FFE8E13-32EA-4187-8B01-CEB342B9F33E}
	EndGlobalSection
EndGlobal
